
Microsoft Visual Studio Solution File, Format Version 12.00
# Visual Studio 15
VisualStudioVersion = 15.0.27004.2006
MinimumVisualStudioVersion = 10.0.40219.1
Project("{FAE04EC0-301F-11D3-BF4B-00C04F79EFBC}") = "CSDeskband", "CSDeskband\CSDeskband.csproj", "{37ECDFDD-FA85-4B91-B69F-8B53CB2A23E2}"
EndProject
Global
	GlobalSection(SolutionConfigurationPlatforms) = preSolution
		Debug|Any CPU = Debug|Any CPU
		Release|Any CPU = Release|Any CPU
	EndGlobalSection
	GlobalSection(ProjectConfigurationPlatforms) = postSolution
		{37ECDFDD-FA85-4B91-B69F-8B53CB2A23E2}.Debug|Any CPU.ActiveCfg = Debug|Any CPU
		{37ECDFDD-FA85-4B91-B69F-8B53CB2A23E2}.Debug|Any CPU.Build.0 = Debug|Any CPU
		{37ECDFDD-FA85-4B91-B69F-8B53CB2A23E2}.Release|Any CPU.ActiveCfg = Release|Any CPU
		{37ECDFDD-FA85-4B91-B69F-8B53CB2A23E2}.Release|Any CPU.Build.0 = Release|Any CPU
	EndGlobalSection
	GlobalSection(SolutionProperties) = preSolution
		HideSolutionNode = FALSE
	EndGlobalSection
	GlobalSection(ExtensibilityGlobals) = postSolution
		SolutionGuid = {B974C1C8-BF1E-4B4E-97DE-EB784E3724D9}
	EndGlobalSection
EndGlobal
