
Microsoft Visual Studio Solution File, Format Version 12.00
# Visual Studio 15
VisualStudioVersion = 15.0.27004.2006
MinimumVisualStudioVersion = 10.0.40219.1
Project("{FAE04EC0-301F-11D3-BF4B-00C04F79EFBC}") = "CSDeskBand", "CSDeskBand\CSDeskBand.csproj", "{37ECDFDD-FA85-4B91-B69F-8B53CB2A23E2}"
EndProject
Project("{FAE04EC0-301F-11D3-BF4B-00C04F79EFBC}") = "ExampleWinforms", "ExampleWinforms\ExampleWinforms.csproj", "{C2C1AC0C-182B-4897-9BD6-B77581146AC9}"
EndProject
Project("{FAE04EC0-301F-11D3-BF4B-00C04F79EFBC}") = "ExampleWpf", "ExampleWpf\ExampleWpf.csproj", "{865B7BDC-9818-4ABC-9915-D8B95043DB87}"
EndProject
Global
	GlobalSection(SolutionConfigurationPlatforms) = preSolution
		Debug|Any CPU = Debug|Any CPU
		Debug|x64 = Debug|x64
		Debug|x86 = Debug|x86
		Release|Any CPU = Release|Any CPU
		Release|x64 = Release|x64
		Release|x86 = Release|x86
	EndGlobalSection
	GlobalSection(ProjectConfigurationPlatforms) = postSolution
		{37ECDFDD-FA85-4B91-B69F-8B53CB2A23E2}.Debug|Any CPU.ActiveCfg = Debug|Any CPU
		{37ECDFDD-FA85-4B91-B69F-8B53CB2A23E2}.Debug|Any CPU.Build.0 = Debug|Any CPU
		{37ECDFDD-FA85-4B91-B69F-8B53CB2A23E2}.Debug|x64.ActiveCfg = Debug|x64
		{37ECDFDD-FA85-4B91-B69F-8B53CB2A23E2}.Debug|x64.Build.0 = Debug|x64
		{37ECDFDD-FA85-4B91-B69F-8B53CB2A23E2}.Debug|x86.ActiveCfg = Debug|x86
		{37ECDFDD-FA85-4B91-B69F-8B53CB2A23E2}.Debug|x86.Build.0 = Debug|x86
		{37ECDFDD-FA85-4B91-B69F-8B53CB2A23E2}.Release|Any CPU.ActiveCfg = Release|Any CPU
		{37ECDFDD-FA85-4B91-B69F-8B53CB2A23E2}.Release|Any CPU.Build.0 = Release|Any CPU
		{37ECDFDD-FA85-4B91-B69F-8B53CB2A23E2}.Release|x64.ActiveCfg = Release|x64
		{37ECDFDD-FA85-4B91-B69F-8B53CB2A23E2}.Release|x64.Build.0 = Release|x64
		{37ECDFDD-FA85-4B91-B69F-8B53CB2A23E2}.Release|x86.ActiveCfg = Release|x86
		{37ECDFDD-FA85-4B91-B69F-8B53CB2A23E2}.Release|x86.Build.0 = Release|x86
		{C2C1AC0C-182B-4897-9BD6-B77581146AC9}.Debug|Any CPU.ActiveCfg = Debug|Any CPU
		{C2C1AC0C-182B-4897-9BD6-B77581146AC9}.Debug|Any CPU.Build.0 = Debug|Any CPU
		{C2C1AC0C-182B-4897-9BD6-B77581146AC9}.Debug|x64.ActiveCfg = Debug|Any CPU
		{C2C1AC0C-182B-4897-9BD6-B77581146AC9}.Debug|x64.Build.0 = Debug|Any CPU
		{C2C1AC0C-182B-4897-9BD6-B77581146AC9}.Debug|x86.ActiveCfg = Debug|Any CPU
		{C2C1AC0C-182B-4897-9BD6-B77581146AC9}.Debug|x86.Build.0 = Debug|Any CPU
		{C2C1AC0C-182B-4897-9BD6-B77581146AC9}.Release|Any CPU.ActiveCfg = Release|Any CPU
		{C2C1AC0C-182B-4897-9BD6-B77581146AC9}.Release|Any CPU.Build.0 = Release|Any CPU
		{C2C1AC0C-182B-4897-9BD6-B77581146AC9}.Release|x64.ActiveCfg = Release|Any CPU
		{C2C1AC0C-182B-4897-9BD6-B77581146AC9}.Release|x64.Build.0 = Release|Any CPU
		{C2C1AC0C-182B-4897-9BD6-B77581146AC9}.Release|x86.ActiveCfg = Release|Any CPU
		{C2C1AC0C-182B-4897-9BD6-B77581146AC9}.Release|x86.Build.0 = Release|Any CPU
		{865B7BDC-9818-4ABC-9915-D8B95043DB87}.Debug|Any CPU.ActiveCfg = Debug|Any CPU
		{865B7BDC-9818-4ABC-9915-D8B95043DB87}.Debug|Any CPU.Build.0 = Debug|Any CPU
		{865B7BDC-9818-4ABC-9915-D8B95043DB87}.Debug|x64.ActiveCfg = Debug|Any CPU
		{865B7BDC-9818-4ABC-9915-D8B95043DB87}.Debug|x64.Build.0 = Debug|Any CPU
		{865B7BDC-9818-4ABC-9915-D8B95043DB87}.Debug|x86.ActiveCfg = Debug|Any CPU
		{865B7BDC-9818-4ABC-9915-D8B95043DB87}.Debug|x86.Build.0 = Debug|Any CPU
		{865B7BDC-9818-4ABC-9915-D8B95043DB87}.Release|Any CPU.ActiveCfg = Release|Any CPU
		{865B7BDC-9818-4ABC-9915-D8B95043DB87}.Release|Any CPU.Build.0 = Release|Any CPU
		{865B7BDC-9818-4ABC-9915-D8B95043DB87}.Release|x64.ActiveCfg = Release|Any CPU
		{865B7BDC-9818-4ABC-9915-D8B95043DB87}.Release|x64.Build.0 = Release|Any CPU
		{865B7BDC-9818-4ABC-9915-D8B95043DB87}.Release|x86.ActiveCfg = Release|Any CPU
		{865B7BDC-9818-4ABC-9915-D8B95043DB87}.Release|x86.Build.0 = Release|Any CPU
	EndGlobalSection
	GlobalSection(SolutionProperties) = preSolution
		HideSolutionNode = FALSE
	EndGlobalSection
	GlobalSection(ExtensibilityGlobals) = postSolution
		SolutionGuid = {B974C1C8-BF1E-4B4E-97DE-EB784E3724D9}
	EndGlobalSection
EndGlobal
